
Microsoft Visual Studio Solution File, Format Version 12.00
# Visual Studio Version 17
VisualStudioVersion = 17.0.31903.59
MinimumVisualStudioVersion = 10.0.40219.1
Project("{FAE04EC0-301F-11D3-BF4B-00C04F79EFBC}") = "Downloader", "src\Downloader\Downloader.csproj", "{AB75FE13-DB1A-4B6F-8B27-1486F98EA75C}"
EndProject
Project("{FAE04EC0-301F-11D3-BF4B-00C04F79EFBC}") = "Modeler", "src\Modeler\Modeler.csproj", "{F1FE4054-C44E-487F-90F9-2F111AB7BD9C}"
EndProject
Project("{FAE04EC0-301F-11D3-BF4B-00C04F79EFBC}") = "Predictor", "src\Predictor\Predictor.csproj", "{2E39B0A5-2F4A-4D6E-8A0D-0366238CB21E}"
EndProject
Project("{FAE04EC0-301F-11D3-BF4B-00C04F79EFBC}") = "Tester", "src\Tester\Tester.csproj", "{BEA133F4-5686-49DF-83E4-641C26B3CC25}"
EndProject
Project("{FAE04EC0-301F-11D3-BF4B-00C04F79EFBC}") = "Modeler2", "src\Modeler2\Modeler2.csproj", "{8BC7B882-62F7-441C-BCD3-A001AD3BC654}"
EndProject
Project("{FAE04EC0-301F-11D3-BF4B-00C04F79EFBC}") = "Modeler3", "src\Modeler3\Modeler3.csproj", "{3C785993-9E18-432A-992E-A3258459A9A3}"
EndProject
Global
	GlobalSection(SolutionConfigurationPlatforms) = preSolution
		Debug|Any CPU = Debug|Any CPU
		Release|Any CPU = Release|Any CPU
	EndGlobalSection
	GlobalSection(SolutionProperties) = preSolution
		HideSolutionNode = FALSE
	EndGlobalSection
	GlobalSection(ProjectConfigurationPlatforms) = postSolution
		{AB75FE13-DB1A-4B6F-8B27-1486F98EA75C}.Debug|Any CPU.ActiveCfg = Debug|Any CPU
		{AB75FE13-DB1A-4B6F-8B27-1486F98EA75C}.Debug|Any CPU.Build.0 = Debug|Any CPU
		{AB75FE13-DB1A-4B6F-8B27-1486F98EA75C}.Release|Any CPU.ActiveCfg = Release|Any CPU
		{AB75FE13-DB1A-4B6F-8B27-1486F98EA75C}.Release|Any CPU.Build.0 = Release|Any CPU
		{F1FE4054-C44E-487F-90F9-2F111AB7BD9C}.Debug|Any CPU.ActiveCfg = Debug|Any CPU
		{F1FE4054-C44E-487F-90F9-2F111AB7BD9C}.Debug|Any CPU.Build.0 = Debug|Any CPU
		{F1FE4054-C44E-487F-90F9-2F111AB7BD9C}.Release|Any CPU.ActiveCfg = Release|Any CPU
		{F1FE4054-C44E-487F-90F9-2F111AB7BD9C}.Release|Any CPU.Build.0 = Release|Any CPU
		{2E39B0A5-2F4A-4D6E-8A0D-0366238CB21E}.Debug|Any CPU.ActiveCfg = Debug|Any CPU
		{2E39B0A5-2F4A-4D6E-8A0D-0366238CB21E}.Debug|Any CPU.Build.0 = Debug|Any CPU
		{2E39B0A5-2F4A-4D6E-8A0D-0366238CB21E}.Release|Any CPU.ActiveCfg = Release|Any CPU
		{2E39B0A5-2F4A-4D6E-8A0D-0366238CB21E}.Release|Any CPU.Build.0 = Release|Any CPU
		{BEA133F4-5686-49DF-83E4-641C26B3CC25}.Debug|Any CPU.ActiveCfg = Debug|Any CPU
		{BEA133F4-5686-49DF-83E4-641C26B3CC25}.Debug|Any CPU.Build.0 = Debug|Any CPU
		{BEA133F4-5686-49DF-83E4-641C26B3CC25}.Release|Any CPU.ActiveCfg = Release|Any CPU
		{BEA133F4-5686-49DF-83E4-641C26B3CC25}.Release|Any CPU.Build.0 = Release|Any CPU
		{8BC7B882-62F7-441C-BCD3-A001AD3BC654}.Debug|Any CPU.ActiveCfg = Debug|Any CPU
		{8BC7B882-62F7-441C-BCD3-A001AD3BC654}.Debug|Any CPU.Build.0 = Debug|Any CPU
		{8BC7B882-62F7-441C-BCD3-A001AD3BC654}.Release|Any CPU.ActiveCfg = Release|Any CPU
		{8BC7B882-62F7-441C-BCD3-A001AD3BC654}.Release|Any CPU.Build.0 = Release|Any CPU
		{3C785993-9E18-432A-992E-A3258459A9A3}.Debug|Any CPU.ActiveCfg = Debug|Any CPU
		{3C785993-9E18-432A-992E-A3258459A9A3}.Debug|Any CPU.Build.0 = Debug|Any CPU
		{3C785993-9E18-432A-992E-A3258459A9A3}.Release|Any CPU.ActiveCfg = Release|Any CPU
		{3C785993-9E18-432A-992E-A3258459A9A3}.Release|Any CPU.Build.0 = Release|Any CPU
	EndGlobalSection
EndGlobal
